
Microsoft Visual Studio Solution File, Format Version 12.00
# Visual Studio Version 17
VisualStudioVersion = 17.14.36603.0 d17.14
MinimumVisualStudioVersion = 10.0.40219.1
Project("{FAE04EC0-301F-11D3-BF4B-00C04F79EFBC}") = "Calculator.FrederikBlem", "Calculator.FrederikBlem\Calculator.FrederikBlem.csproj", "{2DFD19AC-E516-4EC2-BBB5-62F0EE638BED}"
EndProject
Project("{FAE04EC0-301F-11D3-BF4B-00C04F79EFBC}") = "CalculatorLibrary", "CalculatorLibrary\CalculatorLibrary.csproj", "{CF984418-9DAA-4CDE-8777-D8A7CEBEC049}"
EndProject
Global
	GlobalSection(SolutionConfigurationPlatforms) = preSolution
		Debug|Any CPU = Debug|Any CPU
		Release|Any CPU = Release|Any CPU
	EndGlobalSection
	GlobalSection(ProjectConfigurationPlatforms) = postSolution
		{2DFD19AC-E516-4EC2-BBB5-62F0EE638BED}.Debug|Any CPU.ActiveCfg = Debug|Any CPU
		{2DFD19AC-E516-4EC2-BBB5-62F0EE638BED}.Debug|Any CPU.Build.0 = Debug|Any CPU
		{2DFD19AC-E516-4EC2-BBB5-62F0EE638BED}.Release|Any CPU.ActiveCfg = Release|Any CPU
		{2DFD19AC-E516-4EC2-BBB5-62F0EE638BED}.Release|Any CPU.Build.0 = Release|Any CPU
		{CF984418-9DAA-4CDE-8777-D8A7CEBEC049}.Debug|Any CPU.ActiveCfg = Debug|Any CPU
		{CF984418-9DAA-4CDE-8777-D8A7CEBEC049}.Debug|Any CPU.Build.0 = Debug|Any CPU
		{CF984418-9DAA-4CDE-8777-D8A7CEBEC049}.Release|Any CPU.ActiveCfg = Release|Any CPU
		{CF984418-9DAA-4CDE-8777-D8A7CEBEC049}.Release|Any CPU.Build.0 = Release|Any CPU
	EndGlobalSection
	GlobalSection(SolutionProperties) = preSolution
		HideSolutionNode = FALSE
	EndGlobalSection
	GlobalSection(ExtensibilityGlobals) = postSolution
		SolutionGuid = {B64542FF-91B9-4142-9D91-F83AE90D8FB6}
	EndGlobalSection
EndGlobal
